
Microsoft Visual Studio Solution File, Format Version 12.00
# Visual Studio 2013
VisualStudioVersion = 12.0.40629.0
MinimumVisualStudioVersion = 10.0.40219.1
Project("{FAE04EC0-301F-11D3-BF4B-00C04F79EFBC}") = "WebAPIFileUpload.WebAPI", "WebAPIFileUpload.WebAPI\WebAPIFileUpload.WebAPI.csproj", "{DB742E5D-F959-4FD1-888D-E35D074BDFC4}"
EndProject
Project("{FAE04EC0-301F-11D3-BF4B-00C04F79EFBC}") = "WebAPIFileUpload.DesktopClient", "WebAPIFileUpload.DesktopClient\WebAPIFileUpload.DesktopClient.csproj", "{7171F77B-416C-4CBA-BC82-4F60D88D509D}"
EndProject
Project("{FAE04EC0-301F-11D3-BF4B-00C04F79EFBC}") = "WebAPIFileUpload.Common", "WebAPIFileUpload.Common\WebAPIFileUpload.Common.csproj", "{0D95CA6F-1691-4738-86FD-5D303514DE2F}"
EndProject
Global
	GlobalSection(SolutionConfigurationPlatforms) = preSolution
		Debug|Any CPU = Debug|Any CPU
		Release|Any CPU = Release|Any CPU
	EndGlobalSection
	GlobalSection(ProjectConfigurationPlatforms) = postSolution
		{DB742E5D-F959-4FD1-888D-E35D074BDFC4}.Debug|Any CPU.ActiveCfg = Debug|Any CPU
		{DB742E5D-F959-4FD1-888D-E35D074BDFC4}.Debug|Any CPU.Build.0 = Debug|Any CPU
		{DB742E5D-F959-4FD1-888D-E35D074BDFC4}.Release|Any CPU.ActiveCfg = Release|Any CPU
		{DB742E5D-F959-4FD1-888D-E35D074BDFC4}.Release|Any CPU.Build.0 = Release|Any CPU
		{7171F77B-416C-4CBA-BC82-4F60D88D509D}.Debug|Any CPU.ActiveCfg = Debug|Any CPU
		{7171F77B-416C-4CBA-BC82-4F60D88D509D}.Debug|Any CPU.Build.0 = Debug|Any CPU
		{7171F77B-416C-4CBA-BC82-4F60D88D509D}.Release|Any CPU.ActiveCfg = Release|Any CPU
		{7171F77B-416C-4CBA-BC82-4F60D88D509D}.Release|Any CPU.Build.0 = Release|Any CPU
		{0D95CA6F-1691-4738-86FD-5D303514DE2F}.Debug|Any CPU.ActiveCfg = Debug|Any CPU
		{0D95CA6F-1691-4738-86FD-5D303514DE2F}.Debug|Any CPU.Build.0 = Debug|Any CPU
		{0D95CA6F-1691-4738-86FD-5D303514DE2F}.Release|Any CPU.ActiveCfg = Release|Any CPU
		{0D95CA6F-1691-4738-86FD-5D303514DE2F}.Release|Any CPU.Build.0 = Release|Any CPU
	EndGlobalSection
	GlobalSection(SolutionProperties) = preSolution
		HideSolutionNode = FALSE
	EndGlobalSection
EndGlobal
